// !$*UTF8*$!
{
	archiveVersion = 1;
	classes = {
	};
	objectVersion = 56;
	objects = {

/* Begin PBXBuildFile section */
		EB89FC522BB31567001C71DB /* AlertAction.swift in Sources */ = {isa = PBXBuildFile; fileRef = EB89FC512BB31567001C71DB /* AlertAction.swift */; };
		EB94EAA22BAD8733006FD069 /* Constans.swift in Sources */ = {isa = PBXBuildFile; fileRef = EB94EAA12BAD8733006FD069 /* Constans.swift */; };
		EB94EAA52BADBAB5006FD069 /* InfectionSimulatorViewController.swift in Sources */ = {isa = PBXBuildFile; fileRef = EB94EAA42BADBAB5006FD069 /* InfectionSimulatorViewController.swift */; };
		EBF36DC12BB179D700E08FAE /* HumanCollectionViewCell.swift in Sources */ = {isa = PBXBuildFile; fileRef = EBF36DC02BB179D700E08FAE /* HumanCollectionViewCell.swift */; };
		EBF36DC32BB1836300E08FAE /* CustomInfoMenuView.swift in Sources */ = {isa = PBXBuildFile; fileRef = EBF36DC22BB1836300E08FAE /* CustomInfoMenuView.swift */; };
		EBF885B42BAC51160006D7BB /* AppDelegate.swift in Sources */ = {isa = PBXBuildFile; fileRef = EBF885B32BAC51160006D7BB /* AppDelegate.swift */; };
		EBF885B62BAC51160006D7BB /* SceneDelegate.swift in Sources */ = {isa = PBXBuildFile; fileRef = EBF885B52BAC51160006D7BB /* SceneDelegate.swift */; };
		EBF885BD2BAC51180006D7BB /* Assets.xcassets in Resources */ = {isa = PBXBuildFile; fileRef = EBF885BC2BAC51180006D7BB /* Assets.xcassets */; };
		EBF885C02BAC51180006D7BB /* Base in Resources */ = {isa = PBXBuildFile; fileRef = EBF885BF2BAC51180006D7BB /* Base */; };
		EBF885C82BAC54860006D7BB /* MainScreenViewController.swift in Sources */ = {isa = PBXBuildFile; fileRef = EBF885C72BAC54860006D7BB /* MainScreenViewController.swift */; };
		EBF885CC2BAC592F0006D7BB /* SelectionParametersView.swift in Sources */ = {isa = PBXBuildFile; fileRef = EBF885CB2BAC592F0006D7BB /* SelectionParametersView.swift */; };
/* End PBXBuildFile section */

/* Begin PBXFileReference section */
		EB89FC512BB31567001C71DB /* AlertAction.swift */ = {isa = PBXFileReference; lastKnownFileType = sourcecode.swift; path = AlertAction.swift; sourceTree = "<group>"; };
		EB94EAA12BAD8733006FD069 /* Constans.swift */ = {isa = PBXFileReference; lastKnownFileType = sourcecode.swift; path = Constans.swift; sourceTree = "<group>"; };
		EB94EAA42BADBAB5006FD069 /* InfectionSimulatorViewController.swift */ = {isa = PBXFileReference; lastKnownFileType = sourcecode.swift; path = InfectionSimulatorViewController.swift; sourceTree = "<group>"; };
		EBF36DC02BB179D700E08FAE /* HumanCollectionViewCell.swift */ = {isa = PBXFileReference; lastKnownFileType = sourcecode.swift; path = HumanCollectionViewCell.swift; sourceTree = "<group>"; };
		EBF36DC22BB1836300E08FAE /* CustomInfoMenuView.swift */ = {isa = PBXFileReference; lastKnownFileType = sourcecode.swift; path = CustomInfoMenuView.swift; sourceTree = "<group>"; };
		EBF885B02BAC51160006D7BB /* SpreadVirusForVK.app */ = {isa = PBXFileReference; explicitFileType = wrapper.application; includeInIndex = 0; path = SpreadVirusForVK.app; sourceTree = BUILT_PRODUCTS_DIR; };
		EBF885B32BAC51160006D7BB /* AppDelegate.swift */ = {isa = PBXFileReference; lastKnownFileType = sourcecode.swift; path = AppDelegate.swift; sourceTree = "<group>"; };
		EBF885B52BAC51160006D7BB /* SceneDelegate.swift */ = {isa = PBXFileReference; lastKnownFileType = sourcecode.swift; path = SceneDelegate.swift; sourceTree = "<group>"; };
		EBF885BC2BAC51180006D7BB /* Assets.xcassets */ = {isa = PBXFileReference; lastKnownFileType = folder.assetcatalog; path = Assets.xcassets; sourceTree = "<group>"; };
		EBF885BF2BAC51180006D7BB /* Base */ = {isa = PBXFileReference; lastKnownFileType = file.storyboard; name = Base; path = Base.lproj/LaunchScreen.storyboard; sourceTree = "<group>"; };
		EBF885C12BAC51180006D7BB /* Info.plist */ = {isa = PBXFileReference; lastKnownFileType = text.plist.xml; path = Info.plist; sourceTree = "<group>"; };
		EBF885C72BAC54860006D7BB /* MainScreenViewController.swift */ = {isa = PBXFileReference; lastKnownFileType = sourcecode.swift; path = MainScreenViewController.swift; sourceTree = "<group>"; };
		EBF885CB2BAC592F0006D7BB /* SelectionParametersView.swift */ = {isa = PBXFileReference; lastKnownFileType = sourcecode.swift; path = SelectionParametersView.swift; sourceTree = "<group>"; };
/* End PBXFileReference section */

/* Begin PBXFrameworksBuildPhase section */
		EBF885AD2BAC51160006D7BB /* Frameworks */ = {
			isa = PBXFrameworksBuildPhase;
			buildActionMask = 2147483647;
			files = (
			);
			runOnlyForDeploymentPostprocessing = 0;
		};
/* End PBXFrameworksBuildPhase section */

/* Begin PBXGroup section */
		EB89FC502BB31547001C71DB /* Alert */ = {
			isa = PBXGroup;
			children = (
				EB89FC512BB31567001C71DB /* AlertAction.swift */,
			);
			path = Alert;
			sourceTree = "<group>";
		};
		EB94EAA32BAD873A006FD069 /* Resources */ = {
			isa = PBXGroup;
			children = (
				EB89FC502BB31547001C71DB /* Alert */,
				EBF885C92BAC57010006D7BB /* Components */,
				EB94EAA12BAD8733006FD069 /* Constans.swift */,
			);
			name = Resources;
			sourceTree = "<group>";
		};
		EBF885A72BAC51160006D7BB = {
			isa = PBXGroup;
			children = (
				EBF885B22BAC51160006D7BB /* SpreadVirusForVK */,
				EBF885B12BAC51160006D7BB /* Products */,
			);
			sourceTree = "<group>";
		};
		EBF885B12BAC51160006D7BB /* Products */ = {
			isa = PBXGroup;
			children = (
				EBF885B02BAC51160006D7BB /* SpreadVirusForVK.app */,
			);
			name = Products;
			sourceTree = "<group>";
		};
		EBF885B22BAC51160006D7BB /* SpreadVirusForVK */ = {
			isa = PBXGroup;
			children = (
				EBF885B32BAC51160006D7BB /* AppDelegate.swift */,
				EBF885B52BAC51160006D7BB /* SceneDelegate.swift */,
				EBF885C72BAC54860006D7BB /* MainScreenViewController.swift */,
				EB94EAA42BADBAB5006FD069 /* InfectionSimulatorViewController.swift */,
				EB94EAA32BAD873A006FD069 /* Resources */,
				EBF885BC2BAC51180006D7BB /* Assets.xcassets */,
				EBF885BE2BAC51180006D7BB /* LaunchScreen.storyboard */,
				EBF885C12BAC51180006D7BB /* Info.plist */,
			);
			path = SpreadVirusForVK;
			sourceTree = "<group>";
		};
		EBF885C92BAC57010006D7BB /* Components */ = {
			isa = PBXGroup;
			children = (
				EBF885CB2BAC592F0006D7BB /* SelectionParametersView.swift */,
				EBF36DC22BB1836300E08FAE /* CustomInfoMenuView.swift */,
				EBF36DC02BB179D700E08FAE /* HumanCollectionViewCell.swift */,
			);
			path = Components;
			sourceTree = "<group>";
		};
/* End PBXGroup section */

/* Begin PBXNativeTarget section */
		EBF885AF2BAC51160006D7BB /* SpreadVirusForVK */ = {
			isa = PBXNativeTarget;
			buildConfigurationList = EBF885C42BAC51180006D7BB /* Build configuration list for PBXNativeTarget "SpreadVirusForVK" */;
			buildPhases = (
				EBF885AC2BAC51160006D7BB /* Sources */,
				EBF885AD2BAC51160006D7BB /* Frameworks */,
				EBF885AE2BAC51160006D7BB /* Resources */,
			);
			buildRules = (
			);
			dependencies = (
			);
			name = SpreadVirusForVK;
			productName = SpreadVirusForVK;
			productReference = EBF885B02BAC51160006D7BB /* SpreadVirusForVK.app */;
			productType = "com.apple.product-type.application";
		};
/* End PBXNativeTarget section */

/* Begin PBXProject section */
		EBF885A82BAC51160006D7BB /* Project object */ = {
			isa = PBXProject;
			attributes = {
				BuildIndependentTargetsInParallel = 1;
				LastSwiftUpdateCheck = 1530;
				LastUpgradeCheck = 1530;
				TargetAttributes = {
					EBF885AF2BAC51160006D7BB = {
						CreatedOnToolsVersion = 15.3;
					};
				};
			};
			buildConfigurationList = EBF885AB2BAC51160006D7BB /* Build configuration list for PBXProject "SpreadVirusForVK" */;
			compatibilityVersion = "Xcode 14.0";
			developmentRegion = en;
			hasScannedForEncodings = 0;
			knownRegions = (
				en,
				Base,
			);
			mainGroup = EBF885A72BAC51160006D7BB;
			productRefGroup = EBF885B12BAC51160006D7BB /* Products */;
			projectDirPath = "";
			projectRoot = "";
			targets = (
				EBF885AF2BAC51160006D7BB /* SpreadVirusForVK */,
			);
		};
/* End PBXProject section */

/* Begin PBXResourcesBuildPhase section */
		EBF885AE2BAC51160006D7BB /* Resources */ = {
			isa = PBXResourcesBuildPhase;
			buildActionMask = 2147483647;
			files = (
				EBF885BD2BAC51180006D7BB /* Assets.xcassets in Resources */,
				EBF885C02BAC51180006D7BB /* Base in Resources */,
			);
			runOnlyForDeploymentPostprocessing = 0;
		};
/* End PBXResourcesBuildPhase section */

/* Begin PBXSourcesBuildPhase section */
		EBF885AC2BAC51160006D7BB /* Sources */ = {
			isa = PBXSourcesBuildPhase;
			buildActionMask = 2147483647;
			files = (
				EB89FC522BB31567001C71DB /* AlertAction.swift in Sources */,
				EBF885B42BAC51160006D7BB /* AppDelegate.swift in Sources */,
				EBF885CC2BAC592F0006D7BB /* SelectionParametersView.swift in Sources */,
				EBF36DC32BB1836300E08FAE /* CustomInfoMenuView.swift in Sources */,
				EB94EAA22BAD8733006FD069 /* Constans.swift in Sources */,
				EBF885B62BAC51160006D7BB /* SceneDelegate.swift in Sources */,
				EBF885C82BAC54860006D7BB /* MainScreenViewController.swift in Sources */,
				EBF36DC12BB179D700E08FAE /* HumanCollectionViewCell.swift in Sources */,
				EB94EAA52BADBAB5006FD069 /* InfectionSimulatorViewController.swift in Sources */,
			);
			runOnlyForDeploymentPostprocessing = 0;
		};
/* End PBXSourcesBuildPhase section */

/* Begin PBXVariantGroup section */
		EBF885BE2BAC51180006D7BB /* LaunchScreen.storyboard */ = {
			isa = PBXVariantGroup;
			children = (
				EBF885BF2BAC51180006D7BB /* Base */,
			);
			name = LaunchScreen.storyboard;
			sourceTree = "<group>";
		};
/* End PBXVariantGroup section */

/* Begin XCBuildConfiguration section */
		EBF885C22BAC51180006D7BB /* Debug */ = {
			isa = XCBuildConfiguration;
			buildSettings = {
				ALWAYS_SEARCH_USER_PATHS = NO;
				ASSETCATALOG_COMPILER_GENERATE_SWIFT_ASSET_SYMBOL_EXTENSIONS = YES;
				CLANG_ANALYZER_NONNULL = YES;
				CLANG_ANALYZER_NUMBER_OBJECT_CONVERSION = YES_AGGRESSIVE;
				CLANG_CXX_LANGUAGE_STANDARD = "gnu++20";
				CLANG_ENABLE_MODULES = YES;
				CLANG_ENABLE_OBJC_ARC = YES;
				CLANG_ENABLE_OBJC_WEAK = YES;
				CLANG_WARN_BLOCK_CAPTURE_AUTORELEASING = YES;
				CLANG_WARN_BOOL_CONVERSION = YES;
				CLANG_WARN_COMMA = YES;
				CLANG_WARN_CONSTANT_CONVERSION = YES;
				CLANG_WARN_DEPRECATED_OBJC_IMPLEMENTATIONS = YES;
				CLANG_WARN_DIRECT_OBJC_ISA_USAGE = YES_ERROR;
				CLANG_WARN_DOCUMENTATION_COMMENTS = YES;
				CLANG_WARN_EMPTY_BODY = YES;
				CLANG_WARN_ENUM_CONVERSION = YES;
				CLANG_WARN_INFINITE_RECURSION = YES;
				CLANG_WARN_INT_CONVERSION = YES;
				CLANG_WARN_NON_LITERAL_NULL_CONVERSION = YES;
				CLANG_WARN_OBJC_IMPLICIT_RETAIN_SELF = YES;
				CLANG_WARN_OBJC_LITERAL_CONVERSION = YES;
				CLANG_WARN_OBJC_ROOT_CLASS = YES_ERROR;
				CLANG_WARN_QUOTED_INCLUDE_IN_FRAMEWORK_HEADER = YES;
				CLANG_WARN_RANGE_LOOP_ANALYSIS = YES;
				CLANG_WARN_STRICT_PROTOTYPES = YES;
				CLANG_WARN_SUSPICIOUS_MOVE = YES;
				CLANG_WARN_UNGUARDED_AVAILABILITY = YES_AGGRESSIVE;
				CLANG_WARN_UNREACHABLE_CODE = YES;
				CLANG_WARN__DUPLICATE_METHOD_MATCH = YES;
				COPY_PHASE_STRIP = NO;
				DEBUG_INFORMATION_FORMAT = dwarf;
				ENABLE_STRICT_OBJC_MSGSEND = YES;
				ENABLE_TESTABILITY = YES;
				ENABLE_USER_SCRIPT_SANDBOXING = YES;
				GCC_C_LANGUAGE_STANDARD = gnu17;
				GCC_DYNAMIC_NO_PIC = NO;
				GCC_NO_COMMON_BLOCKS = YES;
				GCC_OPTIMIZATION_LEVEL = 0;
				GCC_PREPROCESSOR_DEFINITIONS = (
					"DEBUG=1",
					"$(inherited)",
				);
				GCC_WARN_64_TO_32_BIT_CONVERSION = YES;
				GCC_WARN_ABOUT_RETURN_TYPE = YES_ERROR;
				GCC_WARN_UNDECLARED_SELECTOR = YES;
				GCC_WARN_UNINITIALIZED_AUTOS = YES_AGGRESSIVE;
				GCC_WARN_UNUSED_FUNCTION = YES;
				GCC_WARN_UNUSED_VARIABLE = YES;
				IPHONEOS_DEPLOYMENT_TARGET = 17.4;
				LOCALIZATION_PREFERS_STRING_CATALOGS = YES;
				MTL_ENABLE_DEBUG_INFO = INCLUDE_SOURCE;
				MTL_FAST_MATH = YES;
				ONLY_ACTIVE_ARCH = YES;
				SDKROOT = iphoneos;
				SWIFT_ACTIVE_COMPILATION_CONDITIONS = "DEBUG $(inherited)";
				SWIFT_OPTIMIZATION_LEVEL = "-Onone";
			};
			name = Debug;
		};
		EBF885C32BAC51180006D7BB /* Release */ = {
			isa = XCBuildConfiguration;
			buildSettings = {
				ALWAYS_SEARCH_USER_PATHS = NO;
				ASSETCATALOG_COMPILER_GENERATE_SWIFT_ASSET_SYMBOL_EXTENSIONS = YES;
				CLANG_ANALYZER_NONNULL = YES;
				CLANG_ANALYZER_NUMBER_OBJECT_CONVERSION = YES_AGGRESSIVE;
				CLANG_CXX_LANGUAGE_STANDARD = "gnu++20";
				CLANG_ENABLE_MODULES = YES;
				CLANG_ENABLE_OBJC_ARC = YES;
				CLANG_ENABLE_OBJC_WEAK = YES;
				CLANG_WARN_BLOCK_CAPTURE_AUTORELEASING = YES;
				CLANG_WARN_BOOL_CONVERSION = YES;
				CLANG_WARN_COMMA = YES;
				CLANG_WARN_CONSTANT_CONVERSION = YES;
				CLANG_WARN_DEPRECATED_OBJC_IMPLEMENTATIONS = YES;
				CLANG_WARN_DIRECT_OBJC_ISA_USAGE = YES_ERROR;
				CLANG_WARN_DOCUMENTATION_COMMENTS = YES;
				CLANG_WARN_EMPTY_BODY = YES;
				CLANG_WARN_ENUM_CONVERSION = YES;
				CLANG_WARN_INFINITE_RECURSION = YES;
				CLANG_WARN_INT_CONVERSION = YES;
				CLANG_WARN_NON_LITERAL_NULL_CONVERSION = YES;
				CLANG_WARN_OBJC_IMPLICIT_RETAIN_SELF = YES;
				CLANG_WARN_OBJC_LITERAL_CONVERSION = YES;
				CLANG_WARN_OBJC_ROOT_CLASS = YES_ERROR;
				CLANG_WARN_QUOTED_INCLUDE_IN_FRAMEWORK_HEADER = YES;
				CLANG_WARN_RANGE_LOOP_ANALYSIS = YES;
				CLANG_WARN_STRICT_PROTOTYPES = YES;
				CLANG_WARN_SUSPICIOUS_MOVE = YES;
				CLANG_WARN_UNGUARDED_AVAILABILITY = YES_AGGRESSIVE;
				CLANG_WARN_UNREACHABLE_CODE = YES;
				CLANG_WARN__DUPLICATE_METHOD_MATCH = YES;
				COPY_PHASE_STRIP = NO;
				DEBUG_INFORMATION_FORMAT = "dwarf-with-dsym";
				ENABLE_NS_ASSERTIONS = NO;
				ENABLE_STRICT_OBJC_MSGSEND = YES;
				ENABLE_USER_SCRIPT_SANDBOXING = YES;
				GCC_C_LANGUAGE_STANDARD = gnu17;
				GCC_NO_COMMON_BLOCKS = YES;
				GCC_WARN_64_TO_32_BIT_CONVERSION = YES;
				GCC_WARN_ABOUT_RETURN_TYPE = YES_ERROR;
				GCC_WARN_UNDECLARED_SELECTOR = YES;
				GCC_WARN_UNINITIALIZED_AUTOS = YES_AGGRESSIVE;
				GCC_WARN_UNUSED_FUNCTION = YES;
				GCC_WARN_UNUSED_VARIABLE = YES;
				IPHONEOS_DEPLOYMENT_TARGET = 17.4;
				LOCALIZATION_PREFERS_STRING_CATALOGS = YES;
				MTL_ENABLE_DEBUG_INFO = NO;
				MTL_FAST_MATH = YES;
				SDKROOT = iphoneos;
				SWIFT_COMPILATION_MODE = wholemodule;
				VALIDATE_PRODUCT = YES;
			};
			name = Release;
		};
		EBF885C52BAC51180006D7BB /* Debug */ = {
			isa = XCBuildConfiguration;
			buildSettings = {
				ASSETCATALOG_COMPILER_APPICON_NAME = AppIcon;
				ASSETCATALOG_COMPILER_GLOBAL_ACCENT_COLOR_NAME = AccentColor;
				CODE_SIGN_STYLE = Automatic;
				CURRENT_PROJECT_VERSION = 1;
				DEVELOPMENT_TEAM = 8F7XS6K9XY;
				GENERATE_INFOPLIST_FILE = YES;
				INFOPLIST_FILE = SpreadVirusForVK/Info.plist;
				INFOPLIST_KEY_UIApplicationSupportsIndirectInputEvents = YES;
				INFOPLIST_KEY_UILaunchStoryboardName = LaunchScreen;
				INFOPLIST_KEY_UIMainStoryboardFile = "";
				INFOPLIST_KEY_UISupportedInterfaceOrientations_iPad = "UIInterfaceOrientationPortrait UIInterfaceOrientationPortraitUpsideDown UIInterfaceOrientationLandscapeLeft UIInterfaceOrientationLandscapeRight";
				INFOPLIST_KEY_UISupportedInterfaceOrientations_iPhone = "UIInterfaceOrientationPortrait UIInterfaceOrientationLandscapeLeft UIInterfaceOrientationLandscapeRight";
				LD_RUNPATH_SEARCH_PATHS = (
					"$(inherited)",
					"@executable_path/Frameworks",
				);
				MARKETING_VERSION = 1.0;
				PRODUCT_BUNDLE_IDENTIFIER = "Kirill-Demyantsev.SpreadVirusForVK";
				PRODUCT_NAME = "$(TARGET_NAME)";
				SWIFT_EMIT_LOC_STRINGS = YES;
				SWIFT_VERSION = 5.0;
				TARGETED_DEVICE_FAMILY = "1,2";
			};
			name = Debug;
		};
		EBF885C62BAC51180006D7BB /* Release */ = {
			isa = XCBuildConfiguration;
			buildSettings = {
				ASSETCATALOG_COMPILER_APPICON_NAME = AppIcon;
				ASSETCATALOG_COMPILER_GLOBAL_ACCENT_COLOR_NAME = AccentColor;
				CODE_SIGN_STYLE = Automatic;
				CURRENT_PROJECT_VERSION = 1;
				DEVELOPMENT_TEAM = 8F7XS6K9XY;
				GENERATE_INFOPLIST_FILE = YES;
				INFOPLIST_FILE = SpreadVirusForVK/Info.plist;
				INFOPLIST_KEY_UIApplicationSupportsIndirectInputEvents = YES;
				INFOPLIST_KEY_UILaunchStoryboardName = LaunchScreen;
				INFOPLIST_KEY_UIMainStoryboardFile = "";
				INFOPLIST_KEY_UISupportedInterfaceOrientations_iPad = "UIInterfaceOrientationPortrait UIInterfaceOrientationPortraitUpsideDown UIInterfaceOrientationLandscapeLeft UIInterfaceOrientationLandscapeRight";
				INFOPLIST_KEY_UISupportedInterfaceOrientations_iPhone = "UIInterfaceOrientationPortrait UIInterfaceOrientationLandscapeLeft UIInterfaceOrientationLandscapeRight";
				LD_RUNPATH_SEARCH_PATHS = (
					"$(inherited)",
					"@executable_path/Frameworks",
				);
				MARKETING_VERSION = 1.0;
				PRODUCT_BUNDLE_IDENTIFIER = "Kirill-Demyantsev.SpreadVirusForVK";
				PRODUCT_NAME = "$(TARGET_NAME)";
				SWIFT_EMIT_LOC_STRINGS = YES;
				SWIFT_VERSION = 5.0;
				TARGETED_DEVICE_FAMILY = "1,2";
			};
			name = Release;
		};
/* End XCBuildConfiguration section */

/* Begin XCConfigurationList section */
		EBF885AB2BAC51160006D7BB /* Build configuration list for PBXProject "SpreadVirusForVK" */ = {
			isa = XCConfigurationList;
			buildConfigurations = (
				EBF885C22BAC51180006D7BB /* Debug */,
				EBF885C32BAC51180006D7BB /* Release */,
			);
			defaultConfigurationIsVisible = 0;
			defaultConfigurationName = Release;
		};
		EBF885C42BAC51180006D7BB /* Build configuration list for PBXNativeTarget "SpreadVirusForVK" */ = {
			isa = XCConfigurationList;
			buildConfigurations = (
				EBF885C52BAC51180006D7BB /* Debug */,
				EBF885C62BAC51180006D7BB /* Release */,
			);
			defaultConfigurationIsVisible = 0;
			defaultConfigurationName = Release;
		};
/* End XCConfigurationList section */
	};
	rootObject = EBF885A82BAC51160006D7BB /* Project object */;
}
